
Microsoft Visual Studio Solution File, Format Version 12.00
# Visual Studio 14
VisualStudioVersion = 14.0.23107.0
MinimumVisualStudioVersion = 10.0.40219.1
Project("{FAE04EC0-301F-11D3-BF4B-00C04F79EFBC}") = "NetFish", "NetFish.csproj", "{661D9CC2-41CD-4627-920F-24AB763EAEFF}"
EndProject
Project("{FAE04EC0-301F-11D3-BF4B-00C04F79EFBC}") = "NetFishTests", "NetFishTests\NetFishTests.csproj", "{E71938E5-34E4-411E-8348-8D6BBF5CEC94}"
EndProject
Global
	GlobalSection(SolutionConfigurationPlatforms) = preSolution
		Debug|Any CPU = Debug|Any CPU
		Release|Any CPU = Release|Any CPU
	EndGlobalSection
	GlobalSection(ProjectConfigurationPlatforms) = postSolution
		{661D9CC2-41CD-4627-920F-24AB763EAEFF}.Debug|Any CPU.ActiveCfg = Debug|Any CPU
		{661D9CC2-41CD-4627-920F-24AB763EAEFF}.Debug|Any CPU.Build.0 = Debug|Any CPU
		{661D9CC2-41CD-4627-920F-24AB763EAEFF}.Release|Any CPU.ActiveCfg = Release|Any CPU
		{661D9CC2-41CD-4627-920F-24AB763EAEFF}.Release|Any CPU.Build.0 = Release|Any CPU
		{E71938E5-34E4-411E-8348-8D6BBF5CEC94}.Debug|Any CPU.ActiveCfg = Debug|Any CPU
		{E71938E5-34E4-411E-8348-8D6BBF5CEC94}.Debug|Any CPU.Build.0 = Debug|Any CPU
		{E71938E5-34E4-411E-8348-8D6BBF5CEC94}.Release|Any CPU.ActiveCfg = Release|Any CPU
		{E71938E5-34E4-411E-8348-8D6BBF5CEC94}.Release|Any CPU.Build.0 = Release|Any CPU
	EndGlobalSection
	GlobalSection(SolutionProperties) = preSolution
		HideSolutionNode = FALSE
	EndGlobalSection
EndGlobal
